// !$*UTF8*$!
{
	archiveVersion = 1;
	classes = {
	};
	objectVersion = 50;
	objects = {

/* Begin PBXBuildFile section */
		55544D8E26B2DC0900706D52 /* LoginViewController.swift in Sources */ = {isa = PBXBuildFile; fileRef = 55544D8D26B2DC0900706D52 /* LoginViewController.swift */; };
		55544D9026B2DC6F00706D52 /* RegistrationViewController.swift in Sources */ = {isa = PBXBuildFile; fileRef = 55544D8F26B2DC6F00706D52 /* RegistrationViewController.swift */; };
		55544D9226B2DC9A00706D52 /* PostViewController.swift in Sources */ = {isa = PBXBuildFile; fileRef = 55544D9126B2DC9A00706D52 /* PostViewController.swift */; };
		55544D9426B2DD1400706D52 /* EditProfileViewController.swift in Sources */ = {isa = PBXBuildFile; fileRef = 55544D9326B2DD1400706D52 /* EditProfileViewController.swift */; };
		55544D9626B2DD3500706D52 /* SettingsViewController.swift in Sources */ = {isa = PBXBuildFile; fileRef = 55544D9526B2DD3500706D52 /* SettingsViewController.swift */; };
		55544D9826B2DD4F00706D52 /* ListViewController.swift in Sources */ = {isa = PBXBuildFile; fileRef = 55544D9726B2DD4F00706D52 /* ListViewController.swift */; };
		55544D9A26B2DDB100706D52 /* SearchViewController.swift in Sources */ = {isa = PBXBuildFile; fileRef = 55544D9926B2DDB100706D52 /* SearchViewController.swift */; };
		55544D9C26B2DEEE00706D52 /* SearchResultViewController.swift in Sources */ = {isa = PBXBuildFile; fileRef = 55544D9B26B2DEEE00706D52 /* SearchResultViewController.swift */; };
		55DB3DE526B0138F00C4EA65 /* AppDelegate.swift in Sources */ = {isa = PBXBuildFile; fileRef = 55DB3DE426B0138F00C4EA65 /* AppDelegate.swift */; };
		55DB3DE726B0138F00C4EA65 /* SceneDelegate.swift in Sources */ = {isa = PBXBuildFile; fileRef = 55DB3DE626B0138F00C4EA65 /* SceneDelegate.swift */; };
		55DB3DE926B0138F00C4EA65 /* HomeViewController.swift in Sources */ = {isa = PBXBuildFile; fileRef = 55DB3DE826B0138F00C4EA65 /* HomeViewController.swift */; };
		55DB3DEC26B0138F00C4EA65 /* Main.storyboard in Resources */ = {isa = PBXBuildFile; fileRef = 55DB3DEA26B0138F00C4EA65 /* Main.storyboard */; };
		55DB3DEE26B0139100C4EA65 /* Assets.xcassets in Resources */ = {isa = PBXBuildFile; fileRef = 55DB3DED26B0139100C4EA65 /* Assets.xcassets */; };
		55DB3DF126B0139100C4EA65 /* LaunchScreen.storyboard in Resources */ = {isa = PBXBuildFile; fileRef = 55DB3DEF26B0139100C4EA65 /* LaunchScreen.storyboard */; };
		55EC7D8F26B1D6DD00A3312B /* ExploreViewController.swift in Sources */ = {isa = PBXBuildFile; fileRef = 55EC7D8E26B1D6DD00A3312B /* ExploreViewController.swift */; };
		55EC7D9126B1D72E00A3312B /* CameraViewController.swift in Sources */ = {isa = PBXBuildFile; fileRef = 55EC7D9026B1D72E00A3312B /* CameraViewController.swift */; };
		55EC7D9326B1D76200A3312B /* NotificationsViewController.swift in Sources */ = {isa = PBXBuildFile; fileRef = 55EC7D9226B1D76200A3312B /* NotificationsViewController.swift */; };
		55EC7D9526B1D78400A3312B /* ProfileViewController.swift in Sources */ = {isa = PBXBuildFile; fileRef = 55EC7D9426B1D78400A3312B /* ProfileViewController.swift */; };
/* End PBXBuildFile section */

/* Begin PBXFileReference section */
		55544D8D26B2DC0900706D52 /* LoginViewController.swift */ = {isa = PBXFileReference; lastKnownFileType = sourcecode.swift; path = LoginViewController.swift; sourceTree = "<group>"; };
		55544D8F26B2DC6F00706D52 /* RegistrationViewController.swift */ = {isa = PBXFileReference; lastKnownFileType = sourcecode.swift; path = RegistrationViewController.swift; sourceTree = "<group>"; };
		55544D9126B2DC9A00706D52 /* PostViewController.swift */ = {isa = PBXFileReference; lastKnownFileType = sourcecode.swift; path = PostViewController.swift; sourceTree = "<group>"; };
		55544D9326B2DD1400706D52 /* EditProfileViewController.swift */ = {isa = PBXFileReference; lastKnownFileType = sourcecode.swift; path = EditProfileViewController.swift; sourceTree = "<group>"; };
		55544D9526B2DD3500706D52 /* SettingsViewController.swift */ = {isa = PBXFileReference; lastKnownFileType = sourcecode.swift; path = SettingsViewController.swift; sourceTree = "<group>"; };
		55544D9726B2DD4F00706D52 /* ListViewController.swift */ = {isa = PBXFileReference; lastKnownFileType = sourcecode.swift; path = ListViewController.swift; sourceTree = "<group>"; };
		55544D9926B2DDB100706D52 /* SearchViewController.swift */ = {isa = PBXFileReference; lastKnownFileType = sourcecode.swift; path = SearchViewController.swift; sourceTree = "<group>"; };
		55544D9B26B2DEEE00706D52 /* SearchResultViewController.swift */ = {isa = PBXFileReference; lastKnownFileType = sourcecode.swift; path = SearchResultViewController.swift; sourceTree = "<group>"; };
		55DB3DE126B0138F00C4EA65 /* instagram.app */ = {isa = PBXFileReference; explicitFileType = wrapper.application; includeInIndex = 0; path = instagram.app; sourceTree = BUILT_PRODUCTS_DIR; };
		55DB3DE426B0138F00C4EA65 /* AppDelegate.swift */ = {isa = PBXFileReference; lastKnownFileType = sourcecode.swift; path = AppDelegate.swift; sourceTree = "<group>"; };
		55DB3DE626B0138F00C4EA65 /* SceneDelegate.swift */ = {isa = PBXFileReference; lastKnownFileType = sourcecode.swift; path = SceneDelegate.swift; sourceTree = "<group>"; };
		55DB3DE826B0138F00C4EA65 /* HomeViewController.swift */ = {isa = PBXFileReference; lastKnownFileType = sourcecode.swift; path = HomeViewController.swift; sourceTree = "<group>"; };
		55DB3DEB26B0138F00C4EA65 /* Base */ = {isa = PBXFileReference; lastKnownFileType = file.storyboard; name = Base; path = Base.lproj/Main.storyboard; sourceTree = "<group>"; };
		55DB3DED26B0139100C4EA65 /* Assets.xcassets */ = {isa = PBXFileReference; lastKnownFileType = folder.assetcatalog; path = Assets.xcassets; sourceTree = "<group>"; };
		55DB3DF026B0139100C4EA65 /* Base */ = {isa = PBXFileReference; lastKnownFileType = file.storyboard; name = Base; path = Base.lproj/LaunchScreen.storyboard; sourceTree = "<group>"; };
		55DB3DF226B0139100C4EA65 /* Info.plist */ = {isa = PBXFileReference; lastKnownFileType = text.plist.xml; path = Info.plist; sourceTree = "<group>"; };
		55EC7D8E26B1D6DD00A3312B /* ExploreViewController.swift */ = {isa = PBXFileReference; lastKnownFileType = sourcecode.swift; path = ExploreViewController.swift; sourceTree = "<group>"; };
		55EC7D9026B1D72E00A3312B /* CameraViewController.swift */ = {isa = PBXFileReference; lastKnownFileType = sourcecode.swift; path = CameraViewController.swift; sourceTree = "<group>"; };
		55EC7D9226B1D76200A3312B /* NotificationsViewController.swift */ = {isa = PBXFileReference; lastKnownFileType = sourcecode.swift; path = NotificationsViewController.swift; sourceTree = "<group>"; };
		55EC7D9426B1D78400A3312B /* ProfileViewController.swift */ = {isa = PBXFileReference; lastKnownFileType = sourcecode.swift; path = ProfileViewController.swift; sourceTree = "<group>"; };
/* End PBXFileReference section */

/* Begin PBXFrameworksBuildPhase section */
		55DB3DDE26B0138F00C4EA65 /* Frameworks */ = {
			isa = PBXFrameworksBuildPhase;
			buildActionMask = 2147483647;
			files = (
			);
			runOnlyForDeploymentPostprocessing = 0;
		};
/* End PBXFrameworksBuildPhase section */

/* Begin PBXGroup section */
		55544D8A26B2DB5B00706D52 /* Core Tabs */ = {
			isa = PBXGroup;
			children = (
				55DB3DE826B0138F00C4EA65 /* HomeViewController.swift */,
				55EC7D8E26B1D6DD00A3312B /* ExploreViewController.swift */,
				55EC7D9026B1D72E00A3312B /* CameraViewController.swift */,
				55EC7D9226B1D76200A3312B /* NotificationsViewController.swift */,
				55EC7D9426B1D78400A3312B /* ProfileViewController.swift */,
			);
			path = "Core Tabs";
			sourceTree = "<group>";
		};
		55544D8B26B2DBD000706D52 /* Other */ = {
			isa = PBXGroup;
			children = (
				55544D8C26B2DBE500706D52 /* Onboarding */,
				55544D9126B2DC9A00706D52 /* PostViewController.swift */,
				55544D9326B2DD1400706D52 /* EditProfileViewController.swift */,
				55544D9526B2DD3500706D52 /* SettingsViewController.swift */,
				55544D9726B2DD4F00706D52 /* ListViewController.swift */,
				55544D9926B2DDB100706D52 /* SearchViewController.swift */,
				55544D9B26B2DEEE00706D52 /* SearchResultViewController.swift */,
			);
			path = Other;
			sourceTree = "<group>";
		};
		55544D8C26B2DBE500706D52 /* Onboarding */ = {
			isa = PBXGroup;
			children = (
				55544D8D26B2DC0900706D52 /* LoginViewController.swift */,
				55544D8F26B2DC6F00706D52 /* RegistrationViewController.swift */,
			);
			path = Onboarding;
			sourceTree = "<group>";
		};
		55DB3DD826B0138F00C4EA65 = {
			isa = PBXGroup;
			children = (
				55DB3DE326B0138F00C4EA65 /* instagram */,
				55DB3DE226B0138F00C4EA65 /* Products */,
			);
			sourceTree = "<group>";
		};
		55DB3DE226B0138F00C4EA65 /* Products */ = {
			isa = PBXGroup;
			children = (
				55DB3DE126B0138F00C4EA65 /* instagram.app */,
			);
			name = Products;
			sourceTree = "<group>";
		};
		55DB3DE326B0138F00C4EA65 /* instagram */ = {
			isa = PBXGroup;
			children = (
				55EC7D8C26B1D53800A3312B /* Resources */,
				55EC7D8B26B1D52300A3312B /* Models */,
				55EC7D8A26B1D4CD00A3312B /* Views */,
				55EC7D8926B1D4A600A3312B /* Controllers */,
				55DB3DF226B0139100C4EA65 /* Info.plist */,
			);
			path = instagram;
			sourceTree = "<group>";
		};
		55EC7D8926B1D4A600A3312B /* Controllers */ = {
			isa = PBXGroup;
			children = (
				55544D8B26B2DBD000706D52 /* Other */,
				55544D8A26B2DB5B00706D52 /* Core Tabs */,
			);
			path = Controllers;
			sourceTree = "<group>";
		};
		55EC7D8A26B1D4CD00A3312B /* Views */ = {
			isa = PBXGroup;
			children = (
				55DB3DED26B0139100C4EA65 /* Assets.xcassets */,
				55EC7D8D26B1D5A600A3312B /* Storyboards */,
			);
			path = Views;
			sourceTree = "<group>";
		};
		55EC7D8B26B1D52300A3312B /* Models */ = {
			isa = PBXGroup;
			children = (
			);
			path = Models;
			sourceTree = "<group>";
		};
		55EC7D8C26B1D53800A3312B /* Resources */ = {
			isa = PBXGroup;
			children = (
				55DB3DE426B0138F00C4EA65 /* AppDelegate.swift */,
				55DB3DE626B0138F00C4EA65 /* SceneDelegate.swift */,
			);
			path = Resources;
			sourceTree = "<group>";
		};
		55EC7D8D26B1D5A600A3312B /* Storyboards */ = {
			isa = PBXGroup;
			children = (
				55DB3DEA26B0138F00C4EA65 /* Main.storyboard */,
				55DB3DEF26B0139100C4EA65 /* LaunchScreen.storyboard */,
			);
			path = Storyboards;
			sourceTree = "<group>";
		};
/* End PBXGroup section */

/* Begin PBXNativeTarget section */
		55DB3DE026B0138F00C4EA65 /* instagram */ = {
			isa = PBXNativeTarget;
			buildConfigurationList = 55DB3DF526B0139100C4EA65 /* Build configuration list for PBXNativeTarget "instagram" */;
			buildPhases = (
				55DB3DDD26B0138F00C4EA65 /* Sources */,
				55DB3DDE26B0138F00C4EA65 /* Frameworks */,
				55DB3DDF26B0138F00C4EA65 /* Resources */,
			);
			buildRules = (
			);
			dependencies = (
			);
			name = instagram;
			productName = instagram;
			productReference = 55DB3DE126B0138F00C4EA65 /* instagram.app */;
			productType = "com.apple.product-type.application";
		};
/* End PBXNativeTarget section */

/* Begin PBXProject section */
		55DB3DD926B0138F00C4EA65 /* Project object */ = {
			isa = PBXProject;
			attributes = {
				LastSwiftUpdateCheck = 1250;
				LastUpgradeCheck = 1250;
				TargetAttributes = {
					55DB3DE026B0138F00C4EA65 = {
						CreatedOnToolsVersion = 12.5.1;
					};
				};
			};
			buildConfigurationList = 55DB3DDC26B0138F00C4EA65 /* Build configuration list for PBXProject "instagram" */;
			compatibilityVersion = "Xcode 9.3";
			developmentRegion = en;
			hasScannedForEncodings = 0;
			knownRegions = (
				en,
				Base,
			);
			mainGroup = 55DB3DD826B0138F00C4EA65;
			productRefGroup = 55DB3DE226B0138F00C4EA65 /* Products */;
			projectDirPath = "";
			projectRoot = "";
			targets = (
				55DB3DE026B0138F00C4EA65 /* instagram */,
			);
		};
/* End PBXProject section */

/* Begin PBXResourcesBuildPhase section */
		55DB3DDF26B0138F00C4EA65 /* Resources */ = {
			isa = PBXResourcesBuildPhase;
			buildActionMask = 2147483647;
			files = (
				55DB3DF126B0139100C4EA65 /* LaunchScreen.storyboard in Resources */,
				55DB3DEE26B0139100C4EA65 /* Assets.xcassets in Resources */,
				55DB3DEC26B0138F00C4EA65 /* Main.storyboard in Resources */,
			);
			runOnlyForDeploymentPostprocessing = 0;
		};
/* End PBXResourcesBuildPhase section */

/* Begin PBXSourcesBuildPhase section */
		55DB3DDD26B0138F00C4EA65 /* Sources */ = {
			isa = PBXSourcesBuildPhase;
			buildActionMask = 2147483647;
			files = (
				55544D9426B2DD1400706D52 /* EditProfileViewController.swift in Sources */,
				55EC7D8F26B1D6DD00A3312B /* ExploreViewController.swift in Sources */,
				55EC7D9126B1D72E00A3312B /* CameraViewController.swift in Sources */,
				55DB3DE926B0138F00C4EA65 /* HomeViewController.swift in Sources */,
				55544D9026B2DC6F00706D52 /* RegistrationViewController.swift in Sources */,
				55544D9226B2DC9A00706D52 /* PostViewController.swift in Sources */,
				55EC7D9326B1D76200A3312B /* NotificationsViewController.swift in Sources */,
				55544D9C26B2DEEE00706D52 /* SearchResultViewController.swift in Sources */,
				55544D8E26B2DC0900706D52 /* LoginViewController.swift in Sources */,
				55544D9A26B2DDB100706D52 /* SearchViewController.swift in Sources */,
				55EC7D9526B1D78400A3312B /* ProfileViewController.swift in Sources */,
				55DB3DE526B0138F00C4EA65 /* AppDelegate.swift in Sources */,
				55DB3DE726B0138F00C4EA65 /* SceneDelegate.swift in Sources */,
				55544D9826B2DD4F00706D52 /* ListViewController.swift in Sources */,
				55544D9626B2DD3500706D52 /* SettingsViewController.swift in Sources */,
			);
			runOnlyForDeploymentPostprocessing = 0;
		};
/* End PBXSourcesBuildPhase section */

/* Begin PBXVariantGroup section */
		55DB3DEA26B0138F00C4EA65 /* Main.storyboard */ = {
			isa = PBXVariantGroup;
			children = (
				55DB3DEB26B0138F00C4EA65 /* Base */,
			);
			name = Main.storyboard;
			sourceTree = "<group>";
		};
		55DB3DEF26B0139100C4EA65 /* LaunchScreen.storyboard */ = {
			isa = PBXVariantGroup;
			children = (
				55DB3DF026B0139100C4EA65 /* Base */,
			);
			name = LaunchScreen.storyboard;
			sourceTree = "<group>";
		};
/* End PBXVariantGroup section */

/* Begin XCBuildConfiguration section */
		55DB3DF326B0139100C4EA65 /* Debug */ = {
			isa = XCBuildConfiguration;
			buildSettings = {
				ALWAYS_SEARCH_USER_PATHS = NO;
				CLANG_ANALYZER_NONNULL = YES;
				CLANG_ANALYZER_NUMBER_OBJECT_CONVERSION = YES_AGGRESSIVE;
				CLANG_CXX_LANGUAGE_STANDARD = "gnu++14";
				CLANG_CXX_LIBRARY = "libc++";
				CLANG_ENABLE_MODULES = YES;
				CLANG_ENABLE_OBJC_ARC = YES;
				CLANG_ENABLE_OBJC_WEAK = YES;
				CLANG_WARN_BLOCK_CAPTURE_AUTORELEASING = YES;
				CLANG_WARN_BOOL_CONVERSION = YES;
				CLANG_WARN_COMMA = YES;
				CLANG_WARN_CONSTANT_CONVERSION = YES;
				CLANG_WARN_DEPRECATED_OBJC_IMPLEMENTATIONS = YES;
				CLANG_WARN_DIRECT_OBJC_ISA_USAGE = YES_ERROR;
				CLANG_WARN_DOCUMENTATION_COMMENTS = YES;
				CLANG_WARN_EMPTY_BODY = YES;
				CLANG_WARN_ENUM_CONVERSION = YES;
				CLANG_WARN_INFINITE_RECURSION = YES;
				CLANG_WARN_INT_CONVERSION = YES;
				CLANG_WARN_NON_LITERAL_NULL_CONVERSION = YES;
				CLANG_WARN_OBJC_IMPLICIT_RETAIN_SELF = YES;
				CLANG_WARN_OBJC_LITERAL_CONVERSION = YES;
				CLANG_WARN_OBJC_ROOT_CLASS = YES_ERROR;
				CLANG_WARN_QUOTED_INCLUDE_IN_FRAMEWORK_HEADER = YES;
				CLANG_WARN_RANGE_LOOP_ANALYSIS = YES;
				CLANG_WARN_STRICT_PROTOTYPES = YES;
				CLANG_WARN_SUSPICIOUS_MOVE = YES;
				CLANG_WARN_UNGUARDED_AVAILABILITY = YES_AGGRESSIVE;
				CLANG_WARN_UNREACHABLE_CODE = YES;
				CLANG_WARN__DUPLICATE_METHOD_MATCH = YES;
				COPY_PHASE_STRIP = NO;
				DEBUG_INFORMATION_FORMAT = dwarf;
				ENABLE_STRICT_OBJC_MSGSEND = YES;
				ENABLE_TESTABILITY = YES;
				GCC_C_LANGUAGE_STANDARD = gnu11;
				GCC_DYNAMIC_NO_PIC = NO;
				GCC_NO_COMMON_BLOCKS = YES;
				GCC_OPTIMIZATION_LEVEL = 0;
				GCC_PREPROCESSOR_DEFINITIONS = (
					"DEBUG=1",
					"$(inherited)",
				);
				GCC_WARN_64_TO_32_BIT_CONVERSION = YES;
				GCC_WARN_ABOUT_RETURN_TYPE = YES_ERROR;
				GCC_WARN_UNDECLARED_SELECTOR = YES;
				GCC_WARN_UNINITIALIZED_AUTOS = YES_AGGRESSIVE;
				GCC_WARN_UNUSED_FUNCTION = YES;
				GCC_WARN_UNUSED_VARIABLE = YES;
				IPHONEOS_DEPLOYMENT_TARGET = 14.5;
				MTL_ENABLE_DEBUG_INFO = INCLUDE_SOURCE;
				MTL_FAST_MATH = YES;
				ONLY_ACTIVE_ARCH = YES;
				SDKROOT = iphoneos;
				SWIFT_ACTIVE_COMPILATION_CONDITIONS = DEBUG;
				SWIFT_OPTIMIZATION_LEVEL = "-Onone";
			};
			name = Debug;
		};
		55DB3DF426B0139100C4EA65 /* Release */ = {
			isa = XCBuildConfiguration;
			buildSettings = {
				ALWAYS_SEARCH_USER_PATHS = NO;
				CLANG_ANALYZER_NONNULL = YES;
				CLANG_ANALYZER_NUMBER_OBJECT_CONVERSION = YES_AGGRESSIVE;
				CLANG_CXX_LANGUAGE_STANDARD = "gnu++14";
				CLANG_CXX_LIBRARY = "libc++";
				CLANG_ENABLE_MODULES = YES;
				CLANG_ENABLE_OBJC_ARC = YES;
				CLANG_ENABLE_OBJC_WEAK = YES;
				CLANG_WARN_BLOCK_CAPTURE_AUTORELEASING = YES;
				CLANG_WARN_BOOL_CONVERSION = YES;
				CLANG_WARN_COMMA = YES;
				CLANG_WARN_CONSTANT_CONVERSION = YES;
				CLANG_WARN_DEPRECATED_OBJC_IMPLEMENTATIONS = YES;
				CLANG_WARN_DIRECT_OBJC_ISA_USAGE = YES_ERROR;
				CLANG_WARN_DOCUMENTATION_COMMENTS = YES;
				CLANG_WARN_EMPTY_BODY = YES;
				CLANG_WARN_ENUM_CONVERSION = YES;
				CLANG_WARN_INFINITE_RECURSION = YES;
				CLANG_WARN_INT_CONVERSION = YES;
				CLANG_WARN_NON_LITERAL_NULL_CONVERSION = YES;
				CLANG_WARN_OBJC_IMPLICIT_RETAIN_SELF = YES;
				CLANG_WARN_OBJC_LITERAL_CONVERSION = YES;
				CLANG_WARN_OBJC_ROOT_CLASS = YES_ERROR;
				CLANG_WARN_QUOTED_INCLUDE_IN_FRAMEWORK_HEADER = YES;
				CLANG_WARN_RANGE_LOOP_ANALYSIS = YES;
				CLANG_WARN_STRICT_PROTOTYPES = YES;
				CLANG_WARN_SUSPICIOUS_MOVE = YES;
				CLANG_WARN_UNGUARDED_AVAILABILITY = YES_AGGRESSIVE;
				CLANG_WARN_UNREACHABLE_CODE = YES;
				CLANG_WARN__DUPLICATE_METHOD_MATCH = YES;
				COPY_PHASE_STRIP = NO;
				DEBUG_INFORMATION_FORMAT = "dwarf-with-dsym";
				ENABLE_NS_ASSERTIONS = NO;
				ENABLE_STRICT_OBJC_MSGSEND = YES;
				GCC_C_LANGUAGE_STANDARD = gnu11;
				GCC_NO_COMMON_BLOCKS = YES;
				GCC_WARN_64_TO_32_BIT_CONVERSION = YES;
				GCC_WARN_ABOUT_RETURN_TYPE = YES_ERROR;
				GCC_WARN_UNDECLARED_SELECTOR = YES;
				GCC_WARN_UNINITIALIZED_AUTOS = YES_AGGRESSIVE;
				GCC_WARN_UNUSED_FUNCTION = YES;
				GCC_WARN_UNUSED_VARIABLE = YES;
				IPHONEOS_DEPLOYMENT_TARGET = 14.5;
				MTL_ENABLE_DEBUG_INFO = NO;
				MTL_FAST_MATH = YES;
				SDKROOT = iphoneos;
				SWIFT_COMPILATION_MODE = wholemodule;
				SWIFT_OPTIMIZATION_LEVEL = "-O";
				VALIDATE_PRODUCT = YES;
			};
			name = Release;
		};
		55DB3DF626B0139100C4EA65 /* Debug */ = {
			isa = XCBuildConfiguration;
			buildSettings = {
				ASSETCATALOG_COMPILER_APPICON_NAME = AppIcon;
				ASSETCATALOG_COMPILER_GLOBAL_ACCENT_COLOR_NAME = AccentColor;
				CODE_SIGN_STYLE = Automatic;
				DEVELOPMENT_TEAM = LH976WH5W5;
				INFOPLIST_FILE = instagram/Info.plist;
				LD_RUNPATH_SEARCH_PATHS = (
					"$(inherited)",
					"@executable_path/Frameworks",
				);
				PRODUCT_BUNDLE_IDENTIFIER = com.daiki.instagram;
				PRODUCT_NAME = "$(TARGET_NAME)";
				SWIFT_VERSION = 5.0;
				TARGETED_DEVICE_FAMILY = "1,2";
			};
			name = Debug;
		};
		55DB3DF726B0139100C4EA65 /* Release */ = {
			isa = XCBuildConfiguration;
			buildSettings = {
				ASSETCATALOG_COMPILER_APPICON_NAME = AppIcon;
				ASSETCATALOG_COMPILER_GLOBAL_ACCENT_COLOR_NAME = AccentColor;
				CODE_SIGN_STYLE = Automatic;
				DEVELOPMENT_TEAM = LH976WH5W5;
				INFOPLIST_FILE = instagram/Info.plist;
				LD_RUNPATH_SEARCH_PATHS = (
					"$(inherited)",
					"@executable_path/Frameworks",
				);
				PRODUCT_BUNDLE_IDENTIFIER = com.daiki.instagram;
				PRODUCT_NAME = "$(TARGET_NAME)";
				SWIFT_VERSION = 5.0;
				TARGETED_DEVICE_FAMILY = "1,2";
			};
			name = Release;
		};
/* End XCBuildConfiguration section */

/* Begin XCConfigurationList section */
		55DB3DDC26B0138F00C4EA65 /* Build configuration list for PBXProject "instagram" */ = {
			isa = XCConfigurationList;
			buildConfigurations = (
				55DB3DF326B0139100C4EA65 /* Debug */,
				55DB3DF426B0139100C4EA65 /* Release */,
			);
			defaultConfigurationIsVisible = 0;
			defaultConfigurationName = Release;
		};
		55DB3DF526B0139100C4EA65 /* Build configuration list for PBXNativeTarget "instagram" */ = {
			isa = XCConfigurationList;
			buildConfigurations = (
				55DB3DF626B0139100C4EA65 /* Debug */,
				55DB3DF726B0139100C4EA65 /* Release */,
			);
			defaultConfigurationIsVisible = 0;
			defaultConfigurationName = Release;
		};
/* End XCConfigurationList section */
	};
	rootObject = 55DB3DD926B0138F00C4EA65 /* Project object */;
}
